Microsoft Visual Studio Solution File, Format Version 12.00
# Visual Studio 2012
Project("{FAE04EC0-301F-11D3-BF4B-00C04F79EFBC}") = "LunyScratch_Examples_Godot", "LunyScratch_Examples_Godot.csproj", "{EE6360EC-1472-4DBC-8D97-D0E5E5C67BAC}"
EndProject
Global
	GlobalSection(SolutionConfigurationPlatforms) = preSolution
	Debug|Any CPU = Debug|Any CPU
	ExportDebug|Any CPU = ExportDebug|Any CPU
	ExportRelease|Any CPU = ExportRelease|Any CPU
	EndGlobalSection
	GlobalSection(ProjectConfigurationPlatforms) = postSolution
		{EE6360EC-1472-4DBC-8D97-D0E5E5C67BAC}.Debug|Any CPU.ActiveCfg = Debug|Any CPU
		{EE6360EC-1472-4DBC-8D97-D0E5E5C67BAC}.Debug|Any CPU.Build.0 = Debug|Any CPU
		{EE6360EC-1472-4DBC-8D97-D0E5E5C67BAC}.ExportDebug|Any CPU.ActiveCfg = ExportDebug|Any CPU
		{EE6360EC-1472-4DBC-8D97-D0E5E5C67BAC}.ExportDebug|Any CPU.Build.0 = ExportDebug|Any CPU
		{EE6360EC-1472-4DBC-8D97-D0E5E5C67BAC}.ExportRelease|Any CPU.ActiveCfg = ExportRelease|Any CPU
		{EE6360EC-1472-4DBC-8D97-D0E5E5C67BAC}.ExportRelease|Any CPU.Build.0 = ExportRelease|Any CPU
		{A1B2C3D4-E5F6-7890-ABCD-EF1234567890}.Debug|Any CPU.ActiveCfg = Debug|Any CPU
		{A1B2C3D4-E5F6-7890-ABCD-EF1234567890}.Debug|Any CPU.Build.0 = Debug|Any CPU
		{A1B2C3D4-E5F6-7890-ABCD-EF1234567890}.ExportDebug|Any CPU.ActiveCfg = Debug|Any CPU
		{A1B2C3D4-E5F6-7890-ABCD-EF1234567890}.ExportDebug|Any CPU.Build.0 = Debug|Any CPU
		{A1B2C3D4-E5F6-7890-ABCD-EF1234567890}.ExportRelease|Any CPU.ActiveCfg = Release|Any CPU
		{A1B2C3D4-E5F6-7890-ABCD-EF1234567890}.ExportRelease|Any CPU.Build.0 = Release|Any CPU
	EndGlobalSection
EndGlobal
